
Microsoft Visual Studio Solution File, Format Version 12.00
# Visual Studio 15
VisualStudioVersion = 15.0.28307.1169
MinimumVisualStudioVersion = 10.0.40219.1
Project("{FAE04EC0-301F-11D3-BF4B-00C04F79EFBC}") = "abstraction_exercise", "abstraction_exercise\abstraction_exercise.csproj", "{67AFDE19-9EA0-4E17-9F57-06C4239BAF4E}"
EndProject
Global
	GlobalSection(SolutionConfigurationPlatforms) = preSolution
		Debug|Any CPU = Debug|Any CPU
		Release|Any CPU = Release|Any CPU
	EndGlobalSection
	GlobalSection(ProjectConfigurationPlatforms) = postSolution
		{67AFDE19-9EA0-4E17-9F57-06C4239BAF4E}.Debug|Any CPU.ActiveCfg = Debug|Any CPU
		{67AFDE19-9EA0-4E17-9F57-06C4239BAF4E}.Debug|Any CPU.Build.0 = Debug|Any CPU
		{67AFDE19-9EA0-4E17-9F57-06C4239BAF4E}.Release|Any CPU.ActiveCfg = Release|Any CPU
		{67AFDE19-9EA0-4E17-9F57-06C4239BAF4E}.Release|Any CPU.Build.0 = Release|Any CPU
	EndGlobalSection
	GlobalSection(SolutionProperties) = preSolution
		HideSolutionNode = FALSE
	EndGlobalSection
	GlobalSection(ExtensibilityGlobals) = postSolution
		SolutionGuid = {DAE72337-B02E-44F9-81B0-C3F4A8E32F51}
	EndGlobalSection
EndGlobal
